{
	"name": "@repo/zod",
	"version": "1.0.0",
	"lockfileVersion": 3,
	"requires": true,
	"packages": {
		"": {
			"name": "@repo/zod",
			"version": "1.0.0",
			"peerDependencies": {
				"zod": "^4.3.6"
			}
		},
		"../../node_modules/.pnpm/zod@4.3.6/node_modules/zod": {
			"version": "4.3.6",
			"license": "MIT",
			"peer": true,
			"funding": {
				"url": "https://github.com/sponsors/colinhacks"
			}
		},
		"node_modules/zod": {
			"resolved": "../../node_modules/.pnpm/zod@4.3.6/node_modules/zod",
			"link": true
		}
	}
}
